
Microsoft Visual Studio Solution File, Format Version 12.00
# Visual Studio Version 17
VisualStudioVersion = 17.11.35312.102
MinimumVisualStudioVersion = 10.0.40219.1
Project("{FAE04EC0-301F-11D3-BF4B-00C04F79EFBC}") = "ders_6", "ders_6\ders_6.csproj", "{73AC797C-4857-4B93-910A-1EA182989908}"
EndProject
Global
	GlobalSection(SolutionConfigurationPlatforms) = preSolution
		Debug|Any CPU = Debug|Any CPU
		Release|Any CPU = Release|Any CPU
	EndGlobalSection
	GlobalSection(ProjectConfigurationPlatforms) = postSolution
		{73AC797C-4857-4B93-910A-1EA182989908}.Debug|Any CPU.ActiveCfg = Debug|Any CPU
		{73AC797C-4857-4B93-910A-1EA182989908}.Debug|Any CPU.Build.0 = Debug|Any CPU
		{73AC797C-4857-4B93-910A-1EA182989908}.Release|Any CPU.ActiveCfg = Release|Any CPU
		{73AC797C-4857-4B93-910A-1EA182989908}.Release|Any CPU.Build.0 = Release|Any CPU
	EndGlobalSection
	GlobalSection(SolutionProperties) = preSolution
		HideSolutionNode = FALSE
	EndGlobalSection
	GlobalSection(ExtensibilityGlobals) = postSolution
		SolutionGuid = {17E697DC-D6BC-4EF6-AC98-D007BAF41E0B}
	EndGlobalSection
EndGlobal
